
Microsoft Visual Studio Solution File, Format Version 12.00
# Visual Studio Version 17
VisualStudioVersion = 17.11.35219.272
MinimumVisualStudioVersion = 10.0.40219.1
Project("{9A19103F-16F7-4668-BE54-9A1E7A4F7556}") = "BMS.API", "BMS.API\BMS.API.csproj", "{2F1A705E-6BA6-4AF9-B1A9-E1C5086A7652}"
EndProject
Project("{FAE04EC0-301F-11D3-BF4B-00C04F79EFBC}") = "BMS.DAL", "BMS.DAL\BMS.DAL.csproj", "{D8DF5BBA-6197-430E-BEDD-56B5869E96DC}"
EndProject
Project("{FAE04EC0-301F-11D3-BF4B-00C04F79EFBC}") = "BMS.BLL", "BMS.BLL\BMS.BLL.csproj", "{D5758678-0079-435B-A829-648A39F3CF8F}"
EndProject
Project("{FAE04EC0-301F-11D3-BF4B-00C04F79EFBC}") = "BMS.Core", "BMS.Core\BMS.Core.csproj", "{EE3040C9-D138-4C9C-8FA4-7EEA22E04B86}"
EndProject
Global
	GlobalSection(SolutionConfigurationPlatforms) = preSolution
		Debug|Any CPU = Debug|Any CPU
		Release|Any CPU = Release|Any CPU
	EndGlobalSection
	GlobalSection(ProjectConfigurationPlatforms) = postSolution
		{2F1A705E-6BA6-4AF9-B1A9-E1C5086A7652}.Debug|Any CPU.ActiveCfg = Debug|Any CPU
		{2F1A705E-6BA6-4AF9-B1A9-E1C5086A7652}.Debug|Any CPU.Build.0 = Debug|Any CPU
		{2F1A705E-6BA6-4AF9-B1A9-E1C5086A7652}.Release|Any CPU.ActiveCfg = Release|Any CPU
		{2F1A705E-6BA6-4AF9-B1A9-E1C5086A7652}.Release|Any CPU.Build.0 = Release|Any CPU
		{D8DF5BBA-6197-430E-BEDD-56B5869E96DC}.Debug|Any CPU.ActiveCfg = Debug|Any CPU
		{D8DF5BBA-6197-430E-BEDD-56B5869E96DC}.Debug|Any CPU.Build.0 = Debug|Any CPU
		{D8DF5BBA-6197-430E-BEDD-56B5869E96DC}.Release|Any CPU.ActiveCfg = Release|Any CPU
		{D8DF5BBA-6197-430E-BEDD-56B5869E96DC}.Release|Any CPU.Build.0 = Release|Any CPU
		{D5758678-0079-435B-A829-648A39F3CF8F}.Debug|Any CPU.ActiveCfg = Debug|Any CPU
		{D5758678-0079-435B-A829-648A39F3CF8F}.Debug|Any CPU.Build.0 = Debug|Any CPU
		{D5758678-0079-435B-A829-648A39F3CF8F}.Release|Any CPU.ActiveCfg = Release|Any CPU
		{D5758678-0079-435B-A829-648A39F3CF8F}.Release|Any CPU.Build.0 = Release|Any CPU
		{EE3040C9-D138-4C9C-8FA4-7EEA22E04B86}.Debug|Any CPU.ActiveCfg = Debug|Any CPU
		{EE3040C9-D138-4C9C-8FA4-7EEA22E04B86}.Debug|Any CPU.Build.0 = Debug|Any CPU
		{EE3040C9-D138-4C9C-8FA4-7EEA22E04B86}.Release|Any CPU.ActiveCfg = Release|Any CPU
		{EE3040C9-D138-4C9C-8FA4-7EEA22E04B86}.Release|Any CPU.Build.0 = Release|Any CPU
	EndGlobalSection
	GlobalSection(SolutionProperties) = preSolution
		HideSolutionNode = FALSE
	EndGlobalSection
	GlobalSection(ExtensibilityGlobals) = postSolution
		SolutionGuid = {F4E60687-5A32-470B-B28F-9D39FC3E8194}
	EndGlobalSection
EndGlobal
